
Microsoft Visual Studio Solution File, Format Version 12.00
# Visual Studio Version 17
VisualStudioVersion = 17.1.32319.34
MinimumVisualStudioVersion = 10.0.40219.1
Project("{FAE04EC0-301F-11D3-BF4B-00C04F79EFBC}") = "NetWealth.Currency.API", "NetWealth.Currency.API.csproj", "{39186706-E7EA-4AE3-8985-936BD0E9435F}"
EndProject
Project("{FAE04EC0-301F-11D3-BF4B-00C04F79EFBC}") = "NetWealth.Data", "..\Netwealth.Data\NetWealth.Data.csproj", "{7EBBE389-6DF6-468F-89F7-005723F8B602}"
EndProject
Project("{FAE04EC0-301F-11D3-BF4B-00C04F79EFBC}") = "NetWealth.Data.Models", "..\NetWealth.Data.Models\NetWealth.Data.Models.csproj", "{5D599E9C-102A-4405-B9A8-86025C2226C4}"
EndProject
Project("{FAE04EC0-301F-11D3-BF4B-00C04F79EFBC}") = "NetWealth.Services", "..\NetWealth.Services\NetWealth.Services.csproj", "{FC15D555-F7CB-4DC1-A9D2-771C8DA77832}"
EndProject
Project("{FAE04EC0-301F-11D3-BF4B-00C04F79EFBC}") = "NetWealth.Domain", "..\Netwealth.Domain\NetWealth.Domain.csproj", "{B39C167D-BC71-469B-B319-019FECA65E2F}"
EndProject
Project("{FAE04EC0-301F-11D3-BF4B-00C04F79EFBC}") = "NetWealth.Repositories", "..\NetWealth.Repositories\NetWealth.Repositories.csproj", "{3964A818-CA44-4FB6-874D-B768F0FD7600}"
EndProject
Global
	GlobalSection(SolutionConfigurationPlatforms) = preSolution
		Debug|Any CPU = Debug|Any CPU
		Release|Any CPU = Release|Any CPU
	EndGlobalSection
	GlobalSection(ProjectConfigurationPlatforms) = postSolution
		{39186706-E7EA-4AE3-8985-936BD0E9435F}.Debug|Any CPU.ActiveCfg = Debug|Any CPU
		{39186706-E7EA-4AE3-8985-936BD0E9435F}.Debug|Any CPU.Build.0 = Debug|Any CPU
		{39186706-E7EA-4AE3-8985-936BD0E9435F}.Release|Any CPU.ActiveCfg = Release|Any CPU
		{39186706-E7EA-4AE3-8985-936BD0E9435F}.Release|Any CPU.Build.0 = Release|Any CPU
		{7EBBE389-6DF6-468F-89F7-005723F8B602}.Debug|Any CPU.ActiveCfg = Debug|Any CPU
		{7EBBE389-6DF6-468F-89F7-005723F8B602}.Debug|Any CPU.Build.0 = Debug|Any CPU
		{7EBBE389-6DF6-468F-89F7-005723F8B602}.Release|Any CPU.ActiveCfg = Release|Any CPU
		{7EBBE389-6DF6-468F-89F7-005723F8B602}.Release|Any CPU.Build.0 = Release|Any CPU
		{5D599E9C-102A-4405-B9A8-86025C2226C4}.Debug|Any CPU.ActiveCfg = Debug|Any CPU
		{5D599E9C-102A-4405-B9A8-86025C2226C4}.Debug|Any CPU.Build.0 = Debug|Any CPU
		{5D599E9C-102A-4405-B9A8-86025C2226C4}.Release|Any CPU.ActiveCfg = Release|Any CPU
		{5D599E9C-102A-4405-B9A8-86025C2226C4}.Release|Any CPU.Build.0 = Release|Any CPU
		{FC15D555-F7CB-4DC1-A9D2-771C8DA77832}.Debug|Any CPU.ActiveCfg = Debug|Any CPU
		{FC15D555-F7CB-4DC1-A9D2-771C8DA77832}.Debug|Any CPU.Build.0 = Debug|Any CPU
		{FC15D555-F7CB-4DC1-A9D2-771C8DA77832}.Release|Any CPU.ActiveCfg = Release|Any CPU
		{FC15D555-F7CB-4DC1-A9D2-771C8DA77832}.Release|Any CPU.Build.0 = Release|Any CPU
		{B39C167D-BC71-469B-B319-019FECA65E2F}.Debug|Any CPU.ActiveCfg = Debug|Any CPU
		{B39C167D-BC71-469B-B319-019FECA65E2F}.Debug|Any CPU.Build.0 = Debug|Any CPU
		{B39C167D-BC71-469B-B319-019FECA65E2F}.Release|Any CPU.ActiveCfg = Release|Any CPU
		{B39C167D-BC71-469B-B319-019FECA65E2F}.Release|Any CPU.Build.0 = Release|Any CPU
		{3964A818-CA44-4FB6-874D-B768F0FD7600}.Debug|Any CPU.ActiveCfg = Debug|Any CPU
		{3964A818-CA44-4FB6-874D-B768F0FD7600}.Debug|Any CPU.Build.0 = Debug|Any CPU
		{3964A818-CA44-4FB6-874D-B768F0FD7600}.Release|Any CPU.ActiveCfg = Release|Any CPU
		{3964A818-CA44-4FB6-874D-B768F0FD7600}.Release|Any CPU.Build.0 = Release|Any CPU
	EndGlobalSection
	GlobalSection(SolutionProperties) = preSolution
		HideSolutionNode = FALSE
	EndGlobalSection
	GlobalSection(ExtensibilityGlobals) = postSolution
		SolutionGuid = {E91878C6-DAC4-47B5-BCB7-3E052B76D1F4}
	EndGlobalSection
EndGlobal
